
Microsoft Visual Studio Solution File, Format Version 12.00
# Visual Studio Version 17
VisualStudioVersion = 17.2.32602.215
MinimumVisualStudioVersion = 10.0.40219.1
Project("{FAE04EC0-301F-11D3-BF4B-00C04F79EFBC}") = "lb3s3", "lb3s3\lb3s3.csproj", "{D0820126-F390-459E-AE2D-0860982E48D6}"
EndProject
Global
	GlobalSection(SolutionConfigurationPlatforms) = preSolution
		Debug|Any CPU = Debug|Any CPU
		Release|Any CPU = Release|Any CPU
	EndGlobalSection
	GlobalSection(ProjectConfigurationPlatforms) = postSolution
		{D0820126-F390-459E-AE2D-0860982E48D6}.Debug|Any CPU.ActiveCfg = Debug|Any CPU
		{D0820126-F390-459E-AE2D-0860982E48D6}.Debug|Any CPU.Build.0 = Debug|Any CPU
		{D0820126-F390-459E-AE2D-0860982E48D6}.Release|Any CPU.ActiveCfg = Release|Any CPU
		{D0820126-F390-459E-AE2D-0860982E48D6}.Release|Any CPU.Build.0 = Release|Any CPU
	EndGlobalSection
	GlobalSection(SolutionProperties) = preSolution
		HideSolutionNode = FALSE
	EndGlobalSection
	GlobalSection(ExtensibilityGlobals) = postSolution
		SolutionGuid = {BB1B7B42-8A61-4691-B0E7-6A3BD150DD7D}
	EndGlobalSection
EndGlobal
